// !$*UTF8*$!
{
	archiveVersion = 1;
	classes = {
	};
	objectVersion = 56;
	objects = {

/* Begin PBXBuildFile section */
		7A06F64829E68947004FE00F /* CarouselItemCollectionViewCell.swift in Sources */ = {isa = PBXBuildFile; fileRef = 7A06F64629E68947004FE00F /* CarouselItemCollectionViewCell.swift */; };
		7A06F64929E68947004FE00F /* CarouselItemCollectionViewCell.xib in Resources */ = {isa = PBXBuildFile; fileRef = 7A06F64729E68947004FE00F /* CarouselItemCollectionViewCell.xib */; };
		7A06F64B29E7B2B1004FE00F /* DynamicHeightCollectionView.swift in Sources */ = {isa = PBXBuildFile; fileRef = 7A06F64A29E7B2B1004FE00F /* DynamicHeightCollectionView.swift */; };
		7A06F64E29E7BB6A004FE00F /* RecipeDetailViewController.swift in Sources */ = {isa = PBXBuildFile; fileRef = 7A06F64D29E7BB6A004FE00F /* RecipeDetailViewController.swift */; };
		7A06F65129E7BFB8004FE00F /* LoadingFeeds.swift in Sources */ = {isa = PBXBuildFile; fileRef = 7A06F65029E7BFB8004FE00F /* LoadingFeeds.swift */; };
		7ABA0F6E29DD53F500E58FBA /* AppDelegate.swift in Sources */ = {isa = PBXBuildFile; fileRef = 7ABA0F6D29DD53F500E58FBA /* AppDelegate.swift */; };
		7ABA0F7029DD53F500E58FBA /* SceneDelegate.swift in Sources */ = {isa = PBXBuildFile; fileRef = 7ABA0F6F29DD53F500E58FBA /* SceneDelegate.swift */; };
		7ABA0F7529DD53F500E58FBA /* Main.storyboard in Resources */ = {isa = PBXBuildFile; fileRef = 7ABA0F7329DD53F500E58FBA /* Main.storyboard */; };
		7ABA0F7829DD53F500E58FBA /* KitchenStories.xcdatamodeld in Sources */ = {isa = PBXBuildFile; fileRef = 7ABA0F7629DD53F500E58FBA /* KitchenStories.xcdatamodeld */; };
		7ABA0F7A29DD53F700E58FBA /* Assets.xcassets in Resources */ = {isa = PBXBuildFile; fileRef = 7ABA0F7929DD53F700E58FBA /* Assets.xcassets */; };
		7ABA0F7D29DD53F700E58FBA /* LaunchScreen.storyboard in Resources */ = {isa = PBXBuildFile; fileRef = 7ABA0F7B29DD53F700E58FBA /* LaunchScreen.storyboard */; };
		7ABA0F8D29DE50FA00E58FBA /* TabBarController.swift in Sources */ = {isa = PBXBuildFile; fileRef = 7ABA0F8C29DE50FA00E58FBA /* TabBarController.swift */; };
		7ABA0F9029DE55E400E58FBA /* HomeViewController.swift in Sources */ = {isa = PBXBuildFile; fileRef = 7ABA0F8F29DE55E400E58FBA /* HomeViewController.swift */; };
		7ABA0F9329DE574700E58FBA /* ProfileViewController.swift in Sources */ = {isa = PBXBuildFile; fileRef = 7ABA0F9229DE574700E58FBA /* ProfileViewController.swift */; };
		7ABA0F9529DE583B00E58FBA /* GoogleService-Info.plist in Resources */ = {isa = PBXBuildFile; fileRef = 7ABA0F9429DE583B00E58FBA /* GoogleService-Info.plist */; };
		7ABA0F9829DE5A1600E58FBA /* Constant.swift in Sources */ = {isa = PBXBuildFile; fileRef = 7ABA0F9729DE5A1600E58FBA /* Constant.swift */; };
		7ABA0F9B29DE5BA300E58FBA /* RegisterViewController.swift in Sources */ = {isa = PBXBuildFile; fileRef = 7ABA0F9929DE5BA300E58FBA /* RegisterViewController.swift */; };
		7ABA0F9C29DE5BA300E58FBA /* RegisterViewController.xib in Resources */ = {isa = PBXBuildFile; fileRef = 7ABA0F9A29DE5BA300E58FBA /* RegisterViewController.xib */; };
		7ABA0FA229DE6D4A00E58FBA /* FetchDataService.swift in Sources */ = {isa = PBXBuildFile; fileRef = 7ABA0FA129DE6D4A00E58FBA /* FetchDataService.swift */; };
		7ABA0FA429DE787700E58FBA /* ParseDataService.swift in Sources */ = {isa = PBXBuildFile; fileRef = 7ABA0FA329DE787700E58FBA /* ParseDataService.swift */; };
		7ABA0FA629DE7AAA00E58FBA /* GetAPIService.swift in Sources */ = {isa = PBXBuildFile; fileRef = 7ABA0FA529DE7AAA00E58FBA /* GetAPIService.swift */; };
		7ABA0FA829DE81C900E58FBA /* GetNetworkImageService.swift in Sources */ = {isa = PBXBuildFile; fileRef = 7ABA0FA729DE81C900E58FBA /* GetNetworkImageService.swift */; };
		7ABA0FAB29DE85F100E58FBA /* UIImageView+loadImageFromUrl.swift in Sources */ = {isa = PBXBuildFile; fileRef = 7ABA0FAA29DE85F100E58FBA /* UIImageView+loadImageFromUrl.swift */; };
		7ABA0FAE29DE8BF000E58FBA /* FirebaseAuth in Frameworks */ = {isa = PBXBuildFile; productRef = 7ABA0FAD29DE8BF000E58FBA /* FirebaseAuth */; };
		7ABA0FB029DE8BF000E58FBA /* FirebaseDatabase in Frameworks */ = {isa = PBXBuildFile; productRef = 7ABA0FAF29DE8BF000E58FBA /* FirebaseDatabase */; };
		7ABA0FB229DE8BF000E58FBA /* FirebaseFirestore in Frameworks */ = {isa = PBXBuildFile; productRef = 7ABA0FB129DE8BF000E58FBA /* FirebaseFirestore */; };
		7ABA0FB529DE8C6600E58FBA /* SkeletonView in Frameworks */ = {isa = PBXBuildFile; productRef = 7ABA0FB429DE8C6600E58FBA /* SkeletonView */; };
		7ABA0FB829DEABCF00E58FBA /* BottomBorderTextField.swift in Sources */ = {isa = PBXBuildFile; fileRef = 7ABA0FB729DEABCF00E58FBA /* BottomBorderTextField.swift */; };
		7AC5933A29E3009800667F3E /* WelcomeGreetingCollectionViewCell.swift in Sources */ = {isa = PBXBuildFile; fileRef = 7AC5933929E3009800667F3E /* WelcomeGreetingCollectionViewCell.swift */; };
		7AC5933C29E309A000667F3E /* RoundedCornersButton.swift in Sources */ = {isa = PBXBuildFile; fileRef = 7AC5933B29E309A000667F3E /* RoundedCornersButton.swift */; };
		7AC5933F29E3B43A00667F3E /* RegisterViewModel.swift in Sources */ = {isa = PBXBuildFile; fileRef = 7AC5933E29E3B43A00667F3E /* RegisterViewModel.swift */; };
		7AC5934229E3CA0200667F3E /* LoginViewModel.swift in Sources */ = {isa = PBXBuildFile; fileRef = 7AC5934129E3CA0200667F3E /* LoginViewModel.swift */; };
		7AC5934629E4EEF300667F3E /* HomeViewModel.swift in Sources */ = {isa = PBXBuildFile; fileRef = 7AC5934529E4EEF300667F3E /* HomeViewModel.swift */; };
		7AC5934929E4F15500667F3E /* GetFeedsAPIService.swift in Sources */ = {isa = PBXBuildFile; fileRef = 7AC5934829E4F15500667F3E /* GetFeedsAPIService.swift */; };
		7AC5934C29E4F26900667F3E /* FeedResultsModel.swift in Sources */ = {isa = PBXBuildFile; fileRef = 7AC5934B29E4F26900667F3E /* FeedResultsModel.swift */; };
		7AC5934E29E4F2AB00667F3E /* FeedModel.swift in Sources */ = {isa = PBXBuildFile; fileRef = 7AC5934D29E4F2AB00667F3E /* FeedModel.swift */; };
		7AC5935029E4F41B00667F3E /* FeedItemModel.swift in Sources */ = {isa = PBXBuildFile; fileRef = 7AC5934F29E4F41B00667F3E /* FeedItemModel.swift */; };
		7AC5935229E4F49000667F3E /* FeedItemPriceModel.swift in Sources */ = {isa = PBXBuildFile; fileRef = 7AC5935129E4F49000667F3E /* FeedItemPriceModel.swift */; };
		7AC5935429E4F5B100667F3E /* FeedItemRatingModel.swift in Sources */ = {isa = PBXBuildFile; fileRef = 7AC5935329E4F5B100667F3E /* FeedItemRatingModel.swift */; };
		7AC5935629E4F7FB00667F3E /* FeedItemCreditModel.swift in Sources */ = {isa = PBXBuildFile; fileRef = 7AC5935529E4F7FB00667F3E /* FeedItemCreditModel.swift */; };
		7AC5935B29E50E4000667F3E /* HomeItemHeaderTableViewCell.swift in Sources */ = {isa = PBXBuildFile; fileRef = 7AC5935A29E50E4000667F3E /* HomeItemHeaderTableViewCell.swift */; };
		7AC5935D29E514A000667F3E /* HomeItemsTableViewCell.swift in Sources */ = {isa = PBXBuildFile; fileRef = 7AC5935C29E514A000667F3E /* HomeItemsTableViewCell.swift */; };
		7AC5936429E51BEC00667F3E /* FeaturedItemCollectionViewCell.swift in Sources */ = {isa = PBXBuildFile; fileRef = 7AC5936229E51BEC00667F3E /* FeaturedItemCollectionViewCell.swift */; };
		7AC5936529E51BEC00667F3E /* FeaturedItemCollectionViewCell.xib in Resources */ = {isa = PBXBuildFile; fileRef = 7AC5936329E51BEC00667F3E /* FeaturedItemCollectionViewCell.xib */; };
		7AC5936A29E51DF600667F3E /* ShopableItemCollectionViewCell.swift in Sources */ = {isa = PBXBuildFile; fileRef = 7AC5936829E51DF600667F3E /* ShopableItemCollectionViewCell.swift */; };
		7AC5936B29E51DF600667F3E /* ShopableItemCollectionViewCell.xib in Resources */ = {isa = PBXBuildFile; fileRef = 7AC5936929E51DF600667F3E /* ShopableItemCollectionViewCell.xib */; };
		7AC5AB3829E1553A00C30433 /* WelcomeViewController.swift in Sources */ = {isa = PBXBuildFile; fileRef = 7AC5AB3629E1553A00C30433 /* WelcomeViewController.swift */; };
		7AC5AB3929E1553A00C30433 /* WelcomeViewController.xib in Resources */ = {isa = PBXBuildFile; fileRef = 7AC5AB3729E1553A00C30433 /* WelcomeViewController.xib */; };
		7AE178C129E2661D00706D64 /* LoginViewController.swift in Sources */ = {isa = PBXBuildFile; fileRef = 7AE178BF29E2661D00706D64 /* LoginViewController.swift */; };
		7AE178C229E2661D00706D64 /* LoginViewController.xib in Resources */ = {isa = PBXBuildFile; fileRef = 7AE178C029E2661D00706D64 /* LoginViewController.xib */; };
		7AE178C429E2664100706D64 /* BackgroundImageView.swift in Sources */ = {isa = PBXBuildFile; fileRef = 7AE178C329E2664100706D64 /* BackgroundImageView.swift */; };
/* End PBXBuildFile section */

/* Begin PBXFileReference section */
		7A06F64629E68947004FE00F /* CarouselItemCollectionViewCell.swift */ = {isa = PBXFileReference; lastKnownFileType = sourcecode.swift; path = CarouselItemCollectionViewCell.swift; sourceTree = "<group>"; };
		7A06F64729E68947004FE00F /* CarouselItemCollectionViewCell.xib */ = {isa = PBXFileReference; lastKnownFileType = file.xib; path = CarouselItemCollectionViewCell.xib; sourceTree = "<group>"; };
		7A06F64A29E7B2B1004FE00F /* DynamicHeightCollectionView.swift */ = {isa = PBXFileReference; lastKnownFileType = sourcecode.swift; path = DynamicHeightCollectionView.swift; sourceTree = "<group>"; };
		7A06F64D29E7BB6A004FE00F /* RecipeDetailViewController.swift */ = {isa = PBXFileReference; lastKnownFileType = sourcecode.swift; path = RecipeDetailViewController.swift; sourceTree = "<group>"; };
		7A06F65029E7BFB8004FE00F /* LoadingFeeds.swift */ = {isa = PBXFileReference; lastKnownFileType = sourcecode.swift; path = LoadingFeeds.swift; sourceTree = "<group>"; };
		7ABA0F6A29DD53F500E58FBA /* KitchenStories.app */ = {isa = PBXFileReference; explicitFileType = wrapper.application; includeInIndex = 0; path = KitchenStories.app; sourceTree = BUILT_PRODUCTS_DIR; };
		7ABA0F6D29DD53F500E58FBA /* AppDelegate.swift */ = {isa = PBXFileReference; lastKnownFileType = sourcecode.swift; path = AppDelegate.swift; sourceTree = "<group>"; };
		7ABA0F6F29DD53F500E58FBA /* SceneDelegate.swift */ = {isa = PBXFileReference; lastKnownFileType = sourcecode.swift; path = SceneDelegate.swift; sourceTree = "<group>"; };
		7ABA0F7429DD53F500E58FBA /* Base */ = {isa = PBXFileReference; lastKnownFileType = file.storyboard; name = Base; path = Base.lproj/Main.storyboard; sourceTree = "<group>"; };
		7ABA0F7729DD53F500E58FBA /* KitchenStories.xcdatamodel */ = {isa = PBXFileReference; lastKnownFileType = wrapper.xcdatamodel; path = KitchenStories.xcdatamodel; sourceTree = "<group>"; };
		7ABA0F7929DD53F700E58FBA /* Assets.xcassets */ = {isa = PBXFileReference; lastKnownFileType = folder.assetcatalog; path = Assets.xcassets; sourceTree = "<group>"; };
		7ABA0F7C29DD53F700E58FBA /* Base */ = {isa = PBXFileReference; lastKnownFileType = file.storyboard; name = Base; path = Base.lproj/LaunchScreen.storyboard; sourceTree = "<group>"; };
		7ABA0F7E29DD53F700E58FBA /* Info.plist */ = {isa = PBXFileReference; lastKnownFileType = text.plist.xml; path = Info.plist; sourceTree = "<group>"; };
		7ABA0F8C29DE50FA00E58FBA /* TabBarController.swift */ = {isa = PBXFileReference; lastKnownFileType = sourcecode.swift; path = TabBarController.swift; sourceTree = "<group>"; };
		7ABA0F8F29DE55E400E58FBA /* HomeViewController.swift */ = {isa = PBXFileReference; lastKnownFileType = sourcecode.swift; path = HomeViewController.swift; sourceTree = "<group>"; };
		7ABA0F9229DE574700E58FBA /* ProfileViewController.swift */ = {isa = PBXFileReference; lastKnownFileType = sourcecode.swift; path = ProfileViewController.swift; sourceTree = "<group>"; };
		7ABA0F9429DE583B00E58FBA /* GoogleService-Info.plist */ = {isa = PBXFileReference; fileEncoding = 4; lastKnownFileType = text.plist.xml; path = "GoogleService-Info.plist"; sourceTree = "<group>"; };
		7ABA0F9729DE5A1600E58FBA /* Constant.swift */ = {isa = PBXFileReference; lastKnownFileType = sourcecode.swift; path = Constant.swift; sourceTree = "<group>"; };
		7ABA0F9929DE5BA300E58FBA /* RegisterViewController.swift */ = {isa = PBXFileReference; lastKnownFileType = sourcecode.swift; path = RegisterViewController.swift; sourceTree = "<group>"; };
		7ABA0F9A29DE5BA300E58FBA /* RegisterViewController.xib */ = {isa = PBXFileReference; lastKnownFileType = file.xib; path = RegisterViewController.xib; sourceTree = "<group>"; };
		7ABA0FA129DE6D4A00E58FBA /* FetchDataService.swift */ = {isa = PBXFileReference; lastKnownFileType = sourcecode.swift; path = FetchDataService.swift; sourceTree = "<group>"; };
		7ABA0FA329DE787700E58FBA /* ParseDataService.swift */ = {isa = PBXFileReference; lastKnownFileType = sourcecode.swift; path = ParseDataService.swift; sourceTree = "<group>"; };
		7ABA0FA529DE7AAA00E58FBA /* GetAPIService.swift */ = {isa = PBXFileReference; lastKnownFileType = sourcecode.swift; path = GetAPIService.swift; sourceTree = "<group>"; };
		7ABA0FA729DE81C900E58FBA /* GetNetworkImageService.swift */ = {isa = PBXFileReference; lastKnownFileType = sourcecode.swift; path = GetNetworkImageService.swift; sourceTree = "<group>"; };
		7ABA0FAA29DE85F100E58FBA /* UIImageView+loadImageFromUrl.swift */ = {isa = PBXFileReference; lastKnownFileType = sourcecode.swift; path = "UIImageView+loadImageFromUrl.swift"; sourceTree = "<group>"; };
		7ABA0FB729DEABCF00E58FBA /* BottomBorderTextField.swift */ = {isa = PBXFileReference; lastKnownFileType = sourcecode.swift; path = BottomBorderTextField.swift; sourceTree = "<group>"; };
		7AC5933929E3009800667F3E /* WelcomeGreetingCollectionViewCell.swift */ = {isa = PBXFileReference; lastKnownFileType = sourcecode.swift; path = WelcomeGreetingCollectionViewCell.swift; sourceTree = "<group>"; };
		7AC5933B29E309A000667F3E /* RoundedCornersButton.swift */ = {isa = PBXFileReference; lastKnownFileType = sourcecode.swift; path = RoundedCornersButton.swift; sourceTree = "<group>"; };
		7AC5933E29E3B43A00667F3E /* RegisterViewModel.swift */ = {isa = PBXFileReference; lastKnownFileType = sourcecode.swift; path = RegisterViewModel.swift; sourceTree = "<group>"; };
		7AC5934129E3CA0200667F3E /* LoginViewModel.swift */ = {isa = PBXFileReference; lastKnownFileType = sourcecode.swift; path = LoginViewModel.swift; sourceTree = "<group>"; };
		7AC5934529E4EEF300667F3E /* HomeViewModel.swift */ = {isa = PBXFileReference; lastKnownFileType = sourcecode.swift; path = HomeViewModel.swift; sourceTree = "<group>"; };
		7AC5934829E4F15500667F3E /* GetFeedsAPIService.swift */ = {isa = PBXFileReference; lastKnownFileType = sourcecode.swift; path = GetFeedsAPIService.swift; sourceTree = "<group>"; };
		7AC5934B29E4F26900667F3E /* FeedResultsModel.swift */ = {isa = PBXFileReference; lastKnownFileType = sourcecode.swift; path = FeedResultsModel.swift; sourceTree = "<group>"; };
		7AC5934D29E4F2AB00667F3E /* FeedModel.swift */ = {isa = PBXFileReference; lastKnownFileType = sourcecode.swift; path = FeedModel.swift; sourceTree = "<group>"; };
		7AC5934F29E4F41B00667F3E /* FeedItemModel.swift */ = {isa = PBXFileReference; lastKnownFileType = sourcecode.swift; path = FeedItemModel.swift; sourceTree = "<group>"; };
		7AC5935129E4F49000667F3E /* FeedItemPriceModel.swift */ = {isa = PBXFileReference; lastKnownFileType = sourcecode.swift; path = FeedItemPriceModel.swift; sourceTree = "<group>"; };
		7AC5935329E4F5B100667F3E /* FeedItemRatingModel.swift */ = {isa = PBXFileReference; lastKnownFileType = sourcecode.swift; path = FeedItemRatingModel.swift; sourceTree = "<group>"; };
		7AC5935529E4F7FB00667F3E /* FeedItemCreditModel.swift */ = {isa = PBXFileReference; lastKnownFileType = sourcecode.swift; path = FeedItemCreditModel.swift; sourceTree = "<group>"; };
		7AC5935A29E50E4000667F3E /* HomeItemHeaderTableViewCell.swift */ = {isa = PBXFileReference; lastKnownFileType = sourcecode.swift; path = HomeItemHeaderTableViewCell.swift; sourceTree = "<group>"; };
		7AC5935C29E514A000667F3E /* HomeItemsTableViewCell.swift */ = {isa = PBXFileReference; lastKnownFileType = sourcecode.swift; path = HomeItemsTableViewCell.swift; sourceTree = "<group>"; };
		7AC5936229E51BEC00667F3E /* FeaturedItemCollectionViewCell.swift */ = {isa = PBXFileReference; lastKnownFileType = sourcecode.swift; path = FeaturedItemCollectionViewCell.swift; sourceTree = "<group>"; };
		7AC5936329E51BEC00667F3E /* FeaturedItemCollectionViewCell.xib */ = {isa = PBXFileReference; lastKnownFileType = file.xib; path = FeaturedItemCollectionViewCell.xib; sourceTree = "<group>"; };
		7AC5936829E51DF600667F3E /* ShopableItemCollectionViewCell.swift */ = {isa = PBXFileReference; lastKnownFileType = sourcecode.swift; path = ShopableItemCollectionViewCell.swift; sourceTree = "<group>"; };
		7AC5936929E51DF600667F3E /* ShopableItemCollectionViewCell.xib */ = {isa = PBXFileReference; lastKnownFileType = file.xib; path = ShopableItemCollectionViewCell.xib; sourceTree = "<group>"; };
		7AC5AB3629E1553A00C30433 /* WelcomeViewController.swift */ = {isa = PBXFileReference; lastKnownFileType = sourcecode.swift; path = WelcomeViewController.swift; sourceTree = "<group>"; };
		7AC5AB3729E1553A00C30433 /* WelcomeViewController.xib */ = {isa = PBXFileReference; lastKnownFileType = file.xib; path = WelcomeViewController.xib; sourceTree = "<group>"; };
		7AE178BF29E2661D00706D64 /* LoginViewController.swift */ = {isa = PBXFileReference; lastKnownFileType = sourcecode.swift; path = LoginViewController.swift; sourceTree = "<group>"; };
		7AE178C029E2661D00706D64 /* LoginViewController.xib */ = {isa = PBXFileReference; lastKnownFileType = file.xib; path = LoginViewController.xib; sourceTree = "<group>"; };
		7AE178C329E2664100706D64 /* BackgroundImageView.swift */ = {isa = PBXFileReference; lastKnownFileType = sourcecode.swift; path = BackgroundImageView.swift; sourceTree = "<group>"; };
/* End PBXFileReference section */

/* Begin PBXFrameworksBuildPhase section */
		7ABA0F6729DD53F500E58FBA /* Frameworks */ = {
			isa = PBXFrameworksBuildPhase;
			buildActionMask = 2147483647;
			files = (
				7ABA0FB529DE8C6600E58FBA /* SkeletonView in Frameworks */,
				7ABA0FB029DE8BF000E58FBA /* FirebaseDatabase in Frameworks */,
				7ABA0FAE29DE8BF000E58FBA /* FirebaseAuth in Frameworks */,
				7ABA0FB229DE8BF000E58FBA /* FirebaseFirestore in Frameworks */,
			);
			runOnlyForDeploymentPostprocessing = 0;
		};
/* End PBXFrameworksBuildPhase section */

/* Begin PBXGroup section */
		7A06F64029E686E7004FE00F /* CarouselItem */ = {
			isa = PBXGroup;
			children = (
				7A06F64629E68947004FE00F /* CarouselItemCollectionViewCell.swift */,
				7A06F64729E68947004FE00F /* CarouselItemCollectionViewCell.xib */,
			);
			path = CarouselItem;
			sourceTree = "<group>";
		};
		7A06F64C29E7BA7E004FE00F /* RecipeDetail */ = {
			isa = PBXGroup;
			children = (
				7A06F64F29E7BB74004FE00F /* View */,
			);
			path = RecipeDetail;
			sourceTree = "<group>";
		};
		7A06F64F29E7BB74004FE00F /* View */ = {
			isa = PBXGroup;
			children = (
				7A06F64D29E7BB6A004FE00F /* RecipeDetailViewController.swift */,
			);
			path = View;
			sourceTree = "<group>";
		};
		7ABA0F6129DD53F500E58FBA = {
			isa = PBXGroup;
			children = (
				7ABA0F6C29DD53F500E58FBA /* KitchenStories */,
				7ABA0F6B29DD53F500E58FBA /* Products */,
			);
			sourceTree = "<group>";
		};
		7ABA0F6B29DD53F500E58FBA /* Products */ = {
			isa = PBXGroup;
			children = (
				7ABA0F6A29DD53F500E58FBA /* KitchenStories.app */,
			);
			name = Products;
			sourceTree = "<group>";
		};
		7ABA0F6C29DD53F500E58FBA /* KitchenStories */ = {
			isa = PBXGroup;
			children = (
				7ABA0F8429DDCC7F00E58FBA /* MainDelegate */,
				7ABA0F9629DE5A0A00E58FBA /* Constant */,
				7ABA0FA929DE845900E58FBA /* Extension */,
				7ABA0F8B29DDCCF600E58FBA /* Networking */,
				7ABA0FB629DEAB7800E58FBA /* SharedComponent */,
				7ABA0F8729DDCCB200E58FBA /* Module */,
				7ABA0F8529DDCC9100E58FBA /* Storyboard */,
				7ABA0F8629DDCCA200E58FBA /* Asset */,
				7ABA0F7E29DD53F700E58FBA /* Info.plist */,
				7ABA0F9429DE583B00E58FBA /* GoogleService-Info.plist */,
				7ABA0F7629DD53F500E58FBA /* KitchenStories.xcdatamodeld */,
			);
			path = KitchenStories;
			sourceTree = "<group>";
		};
		7ABA0F8429DDCC7F00E58FBA /* MainDelegate */ = {
			isa = PBXGroup;
			children = (
				7ABA0F6D29DD53F500E58FBA /* AppDelegate.swift */,
				7ABA0F6F29DD53F500E58FBA /* SceneDelegate.swift */,
			);
			path = MainDelegate;
			sourceTree = "<group>";
		};
		7ABA0F8529DDCC9100E58FBA /* Storyboard */ = {
			isa = PBXGroup;
			children = (
				7ABA0F7329DD53F500E58FBA /* Main.storyboard */,
				7ABA0F7B29DD53F700E58FBA /* LaunchScreen.storyboard */,
			);
			path = Storyboard;
			sourceTree = "<group>";
		};
		7ABA0F8629DDCCA200E58FBA /* Asset */ = {
			isa = PBXGroup;
			children = (
				7ABA0F7929DD53F700E58FBA /* Assets.xcassets */,
			);
			path = Asset;
			sourceTree = "<group>";
		};
		7ABA0F8729DDCCB200E58FBA /* Module */ = {
			isa = PBXGroup;
			children = (
				7AC5AB3529E1539900C30433 /* Welcome */,
				7ABA0F8929DDCCCF00E58FBA /* Register */,
				7ABA0F8829DDCCBD00E58FBA /* Login */,
				7ABA0F8A29DDCCE600E58FBA /* TabBar */,
				7ABA0F8E29DE55A200E58FBA /* Home */,
				7A06F64C29E7BA7E004FE00F /* RecipeDetail */,
				7ABA0F9129DE573900E58FBA /* Profile */,
			);
			path = Module;
			sourceTree = "<group>";
		};
		7ABA0F8829DDCCBD00E58FBA /* Login */ = {
			isa = PBXGroup;
			children = (
				7AC5934029E3C9E500667F3E /* ViewModel */,
				7AC5AB3C29E2653C00C30433 /* View */,
			);
			path = Login;
			sourceTree = "<group>";
		};
		7ABA0F8929DDCCCF00E58FBA /* Register */ = {
			isa = PBXGroup;
			children = (
				7AC5933D29E3B42D00667F3E /* ViewModel */,
				7AC5AB3B29E1A89E00C30433 /* View */,
			);
			path = Register;
			sourceTree = "<group>";
		};
		7ABA0F8A29DDCCE600E58FBA /* TabBar */ = {
			isa = PBXGroup;
			children = (
				7ABA0F8C29DE50FA00E58FBA /* TabBarController.swift */,
			);
			path = TabBar;
			sourceTree = "<group>";
		};
		7ABA0F8B29DDCCF600E58FBA /* Networking */ = {
			isa = PBXGroup;
			children = (
				7ABA0FA129DE6D4A00E58FBA /* FetchDataService.swift */,
				7ABA0FA329DE787700E58FBA /* ParseDataService.swift */,
				7ABA0FA529DE7AAA00E58FBA /* GetAPIService.swift */,
				7ABA0FA729DE81C900E58FBA /* GetNetworkImageService.swift */,
				7AC5934729E4F0FB00667F3E /* GetService */,
			);
			path = Networking;
			sourceTree = "<group>";
		};
		7ABA0F8E29DE55A200E58FBA /* Home */ = {
			isa = PBXGroup;
			children = (
				7AC5934A29E4F1F600667F3E /* Model */,
				7AC5934429E4EEE800667F3E /* ViewModel */,
				7AC5934329E4EED700667F3E /* View */,
				7AC5935929E50B0200667F3E /* Component */,
			);
			path = Home;
			sourceTree = "<group>";
		};
		7ABA0F9129DE573900E58FBA /* Profile */ = {
			isa = PBXGroup;
			children = (
				7ABA0F9229DE574700E58FBA /* ProfileViewController.swift */,
			);
			path = Profile;
			sourceTree = "<group>";
		};
		7ABA0F9629DE5A0A00E58FBA /* Constant */ = {
			isa = PBXGroup;
			children = (
				7ABA0F9729DE5A1600E58FBA /* Constant.swift */,
				7A06F65029E7BFB8004FE00F /* LoadingFeeds.swift */,
			);
			path = Constant;
			sourceTree = "<group>";
		};
		7ABA0FA929DE845900E58FBA /* Extension */ = {
			isa = PBXGroup;
			children = (
				7ABA0FAA29DE85F100E58FBA /* UIImageView+loadImageFromUrl.swift */,
			);
			path = Extension;
			sourceTree = "<group>";
		};
		7ABA0FB629DEAB7800E58FBA /* SharedComponent */ = {
			isa = PBXGroup;
			children = (
				7ABA0FB729DEABCF00E58FBA /* BottomBorderTextField.swift */,
				7AE178C329E2664100706D64 /* BackgroundImageView.swift */,
				7AC5933B29E309A000667F3E /* RoundedCornersButton.swift */,
				7A06F64A29E7B2B1004FE00F /* DynamicHeightCollectionView.swift */,
			);
			path = SharedComponent;
			sourceTree = "<group>";
		};
		7AC5933829E3004000667F3E /* Component */ = {
			isa = PBXGroup;
			children = (
				7AC5933929E3009800667F3E /* WelcomeGreetingCollectionViewCell.swift */,
			);
			path = Component;
			sourceTree = "<group>";
		};
		7AC5933D29E3B42D00667F3E /* ViewModel */ = {
			isa = PBXGroup;
			children = (
				7AC5933E29E3B43A00667F3E /* RegisterViewModel.swift */,
			);
			path = ViewModel;
			sourceTree = "<group>";
		};
		7AC5934029E3C9E500667F3E /* ViewModel */ = {
			isa = PBXGroup;
			children = (
				7AC5934129E3CA0200667F3E /* LoginViewModel.swift */,
			);
			path = ViewModel;
			sourceTree = "<group>";
		};
		7AC5934329E4EED700667F3E /* View */ = {
			isa = PBXGroup;
			children = (
				7ABA0F8F29DE55E400E58FBA /* HomeViewController.swift */,
			);
			path = View;
			sourceTree = "<group>";
		};
		7AC5934429E4EEE800667F3E /* ViewModel */ = {
			isa = PBXGroup;
			children = (
				7AC5934529E4EEF300667F3E /* HomeViewModel.swift */,
			);
			path = ViewModel;
			sourceTree = "<group>";
		};
		7AC5934729E4F0FB00667F3E /* GetService */ = {
			isa = PBXGroup;
			children = (
				7AC5934829E4F15500667F3E /* GetFeedsAPIService.swift */,
			);
			path = GetService;
			sourceTree = "<group>";
		};
		7AC5934A29E4F1F600667F3E /* Model */ = {
			isa = PBXGroup;
			children = (
				7AC5934B29E4F26900667F3E /* FeedResultsModel.swift */,
				7AC5934D29E4F2AB00667F3E /* FeedModel.swift */,
				7AC5934F29E4F41B00667F3E /* FeedItemModel.swift */,
				7AC5935529E4F7FB00667F3E /* FeedItemCreditModel.swift */,
				7AC5935129E4F49000667F3E /* FeedItemPriceModel.swift */,
				7AC5935329E4F5B100667F3E /* FeedItemRatingModel.swift */,
			);
			path = Model;
			sourceTree = "<group>";
		};
		7AC5935929E50B0200667F3E /* Component */ = {
			isa = PBXGroup;
			children = (
				7AC5935A29E50E4000667F3E /* HomeItemHeaderTableViewCell.swift */,
				7AC5935C29E514A000667F3E /* HomeItemsTableViewCell.swift */,
				7AC5936629E51BF000667F3E /* FeaturedItem */,
				7AC5936729E51DE000667F3E /* ShopableItem */,
				7A06F64029E686E7004FE00F /* CarouselItem */,
			);
			path = Component;
			sourceTree = "<group>";
		};
		7AC5936629E51BF000667F3E /* FeaturedItem */ = {
			isa = PBXGroup;
			children = (
				7AC5936229E51BEC00667F3E /* FeaturedItemCollectionViewCell.swift */,
				7AC5936329E51BEC00667F3E /* FeaturedItemCollectionViewCell.xib */,
			);
			path = FeaturedItem;
			sourceTree = "<group>";
		};
		7AC5936729E51DE000667F3E /* ShopableItem */ = {
			isa = PBXGroup;
			children = (
				7AC5936829E51DF600667F3E /* ShopableItemCollectionViewCell.swift */,
				7AC5936929E51DF600667F3E /* ShopableItemCollectionViewCell.xib */,
			);
			path = ShopableItem;
			sourceTree = "<group>";
		};
		7AC5AB3529E1539900C30433 /* Welcome */ = {
			isa = PBXGroup;
			children = (
				7AC5933829E3004000667F3E /* Component */,
				7AC5AB3A29E1A89600C30433 /* View */,
			);
			path = Welcome;
			sourceTree = "<group>";
		};
		7AC5AB3A29E1A89600C30433 /* View */ = {
			isa = PBXGroup;
			children = (
				7AC5AB3629E1553A00C30433 /* WelcomeViewController.swift */,
				7AC5AB3729E1553A00C30433 /* WelcomeViewController.xib */,
			);
			path = View;
			sourceTree = "<group>";
		};
		7AC5AB3B29E1A89E00C30433 /* View */ = {
			isa = PBXGroup;
			children = (
				7ABA0F9929DE5BA300E58FBA /* RegisterViewController.swift */,
				7ABA0F9A29DE5BA300E58FBA /* RegisterViewController.xib */,
			);
			path = View;
			sourceTree = "<group>";
		};
		7AC5AB3C29E2653C00C30433 /* View */ = {
			isa = PBXGroup;
			children = (
				7AE178BF29E2661D00706D64 /* LoginViewController.swift */,
				7AE178C029E2661D00706D64 /* LoginViewController.xib */,
			);
			path = View;
			sourceTree = "<group>";
		};
/* End PBXGroup section */

/* Begin PBXNativeTarget section */
		7ABA0F6929DD53F500E58FBA /* KitchenStories */ = {
			isa = PBXNativeTarget;
			buildConfigurationList = 7ABA0F8129DD53F700E58FBA /* Build configuration list for PBXNativeTarget "KitchenStories" */;
			buildPhases = (
				7ABA0F6629DD53F500E58FBA /* Sources */,
				7ABA0F6729DD53F500E58FBA /* Frameworks */,
				7ABA0F6829DD53F500E58FBA /* Resources */,
			);
			buildRules = (
			);
			dependencies = (
			);
			name = KitchenStories;
			packageProductDependencies = (
				7ABA0FAD29DE8BF000E58FBA /* FirebaseAuth */,
				7ABA0FAF29DE8BF000E58FBA /* FirebaseDatabase */,
				7ABA0FB129DE8BF000E58FBA /* FirebaseFirestore */,
				7ABA0FB429DE8C6600E58FBA /* SkeletonView */,
			);
			productName = KitchenStories;
			productReference = 7ABA0F6A29DD53F500E58FBA /* KitchenStories.app */;
			productType = "com.apple.product-type.application";
		};
/* End PBXNativeTarget section */

/* Begin PBXProject section */
		7ABA0F6229DD53F500E58FBA /* Project object */ = {
			isa = PBXProject;
			attributes = {
				BuildIndependentTargetsInParallel = 1;
				LastSwiftUpdateCheck = 1420;
				LastUpgradeCheck = 1420;
				TargetAttributes = {
					7ABA0F6929DD53F500E58FBA = {
						CreatedOnToolsVersion = 14.2;
					};
				};
			};
			buildConfigurationList = 7ABA0F6529DD53F500E58FBA /* Build configuration list for PBXProject "KitchenStories" */;
			compatibilityVersion = "Xcode 14.0";
			developmentRegion = en;
			hasScannedForEncodings = 0;
			knownRegions = (
				en,
				Base,
			);
			mainGroup = 7ABA0F6129DD53F500E58FBA;
			packageReferences = (
				7ABA0FAC29DE8BF000E58FBA /* XCRemoteSwiftPackageReference "firebase-ios-sdk" */,
				7ABA0FB329DE8C6600E58FBA /* XCRemoteSwiftPackageReference "SkeletonView" */,
			);
			productRefGroup = 7ABA0F6B29DD53F500E58FBA /* Products */;
			projectDirPath = "";
			projectRoot = "";
			targets = (
				7ABA0F6929DD53F500E58FBA /* KitchenStories */,
			);
		};
/* End PBXProject section */

/* Begin PBXResourcesBuildPhase section */
		7ABA0F6829DD53F500E58FBA /* Resources */ = {
			isa = PBXResourcesBuildPhase;
			buildActionMask = 2147483647;
			files = (
				7ABA0F7D29DD53F700E58FBA /* LaunchScreen.storyboard in Resources */,
				7A06F64929E68947004FE00F /* CarouselItemCollectionViewCell.xib in Resources */,
				7AC5AB3929E1553A00C30433 /* WelcomeViewController.xib in Resources */,
				7ABA0F9C29DE5BA300E58FBA /* RegisterViewController.xib in Resources */,
				7ABA0F7A29DD53F700E58FBA /* Assets.xcassets in Resources */,
				7AC5936B29E51DF600667F3E /* ShopableItemCollectionViewCell.xib in Resources */,
				7ABA0F9529DE583B00E58FBA /* GoogleService-Info.plist in Resources */,
				7AC5936529E51BEC00667F3E /* FeaturedItemCollectionViewCell.xib in Resources */,
				7AE178C229E2661D00706D64 /* LoginViewController.xib in Resources */,
				7ABA0F7529DD53F500E58FBA /* Main.storyboard in Resources */,
			);
			runOnlyForDeploymentPostprocessing = 0;
		};
/* End PBXResourcesBuildPhase section */

/* Begin PBXSourcesBuildPhase section */
		7ABA0F6629DD53F500E58FBA /* Sources */ = {
			isa = PBXSourcesBuildPhase;
			buildActionMask = 2147483647;
			files = (
				7ABA0FB829DEABCF00E58FBA /* BottomBorderTextField.swift in Sources */,
				7A06F64829E68947004FE00F /* CarouselItemCollectionViewCell.swift in Sources */,
				7AC5934629E4EEF300667F3E /* HomeViewModel.swift in Sources */,
				7AC5AB3829E1553A00C30433 /* WelcomeViewController.swift in Sources */,
				7ABA0FA629DE7AAA00E58FBA /* GetAPIService.swift in Sources */,
				7ABA0FA829DE81C900E58FBA /* GetNetworkImageService.swift in Sources */,
				7ABA0FA429DE787700E58FBA /* ParseDataService.swift in Sources */,
				7A06F64E29E7BB6A004FE00F /* RecipeDetailViewController.swift in Sources */,
				7AC5935029E4F41B00667F3E /* FeedItemModel.swift in Sources */,
				7ABA0F9B29DE5BA300E58FBA /* RegisterViewController.swift in Sources */,
				7ABA0F6E29DD53F500E58FBA /* AppDelegate.swift in Sources */,
				7AC5935429E4F5B100667F3E /* FeedItemRatingModel.swift in Sources */,
				7ABA0F7829DD53F500E58FBA /* KitchenStories.xcdatamodeld in Sources */,
				7A06F65129E7BFB8004FE00F /* LoadingFeeds.swift in Sources */,
				7AE178C429E2664100706D64 /* BackgroundImageView.swift in Sources */,
				7ABA0F9829DE5A1600E58FBA /* Constant.swift in Sources */,
				7AC5935229E4F49000667F3E /* FeedItemPriceModel.swift in Sources */,
				7AC5935D29E514A000667F3E /* HomeItemsTableViewCell.swift in Sources */,
				7ABA0F8D29DE50FA00E58FBA /* TabBarController.swift in Sources */,
				7A06F64B29E7B2B1004FE00F /* DynamicHeightCollectionView.swift in Sources */,
				7AC5933F29E3B43A00667F3E /* RegisterViewModel.swift in Sources */,
				7AC5935B29E50E4000667F3E /* HomeItemHeaderTableViewCell.swift in Sources */,
				7ABA0FA229DE6D4A00E58FBA /* FetchDataService.swift in Sources */,
				7ABA0FAB29DE85F100E58FBA /* UIImageView+loadImageFromUrl.swift in Sources */,
				7AC5933C29E309A000667F3E /* RoundedCornersButton.swift in Sources */,
				7AC5936429E51BEC00667F3E /* FeaturedItemCollectionViewCell.swift in Sources */,
				7AC5934929E4F15500667F3E /* GetFeedsAPIService.swift in Sources */,
				7AE178C129E2661D00706D64 /* LoginViewController.swift in Sources */,
				7ABA0F9329DE574700E58FBA /* ProfileViewController.swift in Sources */,
				7ABA0F7029DD53F500E58FBA /* SceneDelegate.swift in Sources */,
				7AC5935629E4F7FB00667F3E /* FeedItemCreditModel.swift in Sources */,
				7AC5933A29E3009800667F3E /* WelcomeGreetingCollectionViewCell.swift in Sources */,
				7AC5936A29E51DF600667F3E /* ShopableItemCollectionViewCell.swift in Sources */,
				7ABA0F9029DE55E400E58FBA /* HomeViewController.swift in Sources */,
				7AC5934E29E4F2AB00667F3E /* FeedModel.swift in Sources */,
				7AC5934C29E4F26900667F3E /* FeedResultsModel.swift in Sources */,
				7AC5934229E3CA0200667F3E /* LoginViewModel.swift in Sources */,
			);
			runOnlyForDeploymentPostprocessing = 0;
		};
/* End PBXSourcesBuildPhase section */

/* Begin PBXVariantGroup section */
		7ABA0F7329DD53F500E58FBA /* Main.storyboard */ = {
			isa = PBXVariantGroup;
			children = (
				7ABA0F7429DD53F500E58FBA /* Base */,
			);
			name = Main.storyboard;
			sourceTree = "<group>";
		};
		7ABA0F7B29DD53F700E58FBA /* LaunchScreen.storyboard */ = {
			isa = PBXVariantGroup;
			children = (
				7ABA0F7C29DD53F700E58FBA /* Base */,
			);
			name = LaunchScreen.storyboard;
			sourceTree = "<group>";
		};
/* End PBXVariantGroup section */

/* Begin XCBuildConfiguration section */
		7ABA0F7F29DD53F700E58FBA /* Debug */ = {
			isa = XCBuildConfiguration;
			buildSettings = {
				ALWAYS_SEARCH_USER_PATHS = NO;
				CLANG_ANALYZER_NONNULL = YES;
				CLANG_ANALYZER_NUMBER_OBJECT_CONVERSION = YES_AGGRESSIVE;
				CLANG_CXX_LANGUAGE_STANDARD = "gnu++20";
				CLANG_ENABLE_MODULES = YES;
				CLANG_ENABLE_OBJC_ARC = YES;
				CLANG_ENABLE_OBJC_WEAK = YES;
				CLANG_WARN_BLOCK_CAPTURE_AUTORELEASING = YES;
				CLANG_WARN_BOOL_CONVERSION = YES;
				CLANG_WARN_COMMA = YES;
				CLANG_WARN_CONSTANT_CONVERSION = YES;
				CLANG_WARN_DEPRECATED_OBJC_IMPLEMENTATIONS = YES;
				CLANG_WARN_DIRECT_OBJC_ISA_USAGE = YES_ERROR;
				CLANG_WARN_DOCUMENTATION_COMMENTS = YES;
				CLANG_WARN_EMPTY_BODY = YES;
				CLANG_WARN_ENUM_CONVERSION = YES;
				CLANG_WARN_INFINITE_RECURSION = YES;
				CLANG_WARN_INT_CONVERSION = YES;
				CLANG_WARN_NON_LITERAL_NULL_CONVERSION = YES;
				CLANG_WARN_OBJC_IMPLICIT_RETAIN_SELF = YES;
				CLANG_WARN_OBJC_LITERAL_CONVERSION = YES;
				CLANG_WARN_OBJC_ROOT_CLASS = YES_ERROR;
				CLANG_WARN_QUOTED_INCLUDE_IN_FRAMEWORK_HEADER = YES;
				CLANG_WARN_RANGE_LOOP_ANALYSIS = YES;
				CLANG_WARN_STRICT_PROTOTYPES = YES;
				CLANG_WARN_SUSPICIOUS_MOVE = YES;
				CLANG_WARN_UNGUARDED_AVAILABILITY = YES_AGGRESSIVE;
				CLANG_WARN_UNREACHABLE_CODE = YES;
				CLANG_WARN__DUPLICATE_METHOD_MATCH = YES;
				COPY_PHASE_STRIP = NO;
				DEBUG_INFORMATION_FORMAT = dwarf;
				ENABLE_STRICT_OBJC_MSGSEND = YES;
				ENABLE_TESTABILITY = YES;
				GCC_C_LANGUAGE_STANDARD = gnu11;
				GCC_DYNAMIC_NO_PIC = NO;
				GCC_NO_COMMON_BLOCKS = YES;
				GCC_OPTIMIZATION_LEVEL = 0;
				GCC_PREPROCESSOR_DEFINITIONS = (
					"DEBUG=1",
					"$(inherited)",
				);
				GCC_WARN_64_TO_32_BIT_CONVERSION = YES;
				GCC_WARN_ABOUT_RETURN_TYPE = YES_ERROR;
				GCC_WARN_UNDECLARED_SELECTOR = YES;
				GCC_WARN_UNINITIALIZED_AUTOS = YES_AGGRESSIVE;
				GCC_WARN_UNUSED_FUNCTION = YES;
				GCC_WARN_UNUSED_VARIABLE = YES;
				IPHONEOS_DEPLOYMENT_TARGET = 16.2;
				MTL_ENABLE_DEBUG_INFO = INCLUDE_SOURCE;
				MTL_FAST_MATH = YES;
				ONLY_ACTIVE_ARCH = YES;
				SDKROOT = iphoneos;
				SWIFT_ACTIVE_COMPILATION_CONDITIONS = DEBUG;
				SWIFT_OPTIMIZATION_LEVEL = "-Onone";
			};
			name = Debug;
		};
		7ABA0F8029DD53F700E58FBA /* Release */ = {
			isa = XCBuildConfiguration;
			buildSettings = {
				ALWAYS_SEARCH_USER_PATHS = NO;
				CLANG_ANALYZER_NONNULL = YES;
				CLANG_ANALYZER_NUMBER_OBJECT_CONVERSION = YES_AGGRESSIVE;
				CLANG_CXX_LANGUAGE_STANDARD = "gnu++20";
				CLANG_ENABLE_MODULES = YES;
				CLANG_ENABLE_OBJC_ARC = YES;
				CLANG_ENABLE_OBJC_WEAK = YES;
				CLANG_WARN_BLOCK_CAPTURE_AUTORELEASING = YES;
				CLANG_WARN_BOOL_CONVERSION = YES;
				CLANG_WARN_COMMA = YES;
				CLANG_WARN_CONSTANT_CONVERSION = YES;
				CLANG_WARN_DEPRECATED_OBJC_IMPLEMENTATIONS = YES;
				CLANG_WARN_DIRECT_OBJC_ISA_USAGE = YES_ERROR;
				CLANG_WARN_DOCUMENTATION_COMMENTS = YES;
				CLANG_WARN_EMPTY_BODY = YES;
				CLANG_WARN_ENUM_CONVERSION = YES;
				CLANG_WARN_INFINITE_RECURSION = YES;
				CLANG_WARN_INT_CONVERSION = YES;
				CLANG_WARN_NON_LITERAL_NULL_CONVERSION = YES;
				CLANG_WARN_OBJC_IMPLICIT_RETAIN_SELF = YES;
				CLANG_WARN_OBJC_LITERAL_CONVERSION = YES;
				CLANG_WARN_OBJC_ROOT_CLASS = YES_ERROR;
				CLANG_WARN_QUOTED_INCLUDE_IN_FRAMEWORK_HEADER = YES;
				CLANG_WARN_RANGE_LOOP_ANALYSIS = YES;
				CLANG_WARN_STRICT_PROTOTYPES = YES;
				CLANG_WARN_SUSPICIOUS_MOVE = YES;
				CLANG_WARN_UNGUARDED_AVAILABILITY = YES_AGGRESSIVE;
				CLANG_WARN_UNREACHABLE_CODE = YES;
				CLANG_WARN__DUPLICATE_METHOD_MATCH = YES;
				COPY_PHASE_STRIP = NO;
				DEBUG_INFORMATION_FORMAT = "dwarf-with-dsym";
				ENABLE_NS_ASSERTIONS = NO;
				ENABLE_STRICT_OBJC_MSGSEND = YES;
				GCC_C_LANGUAGE_STANDARD = gnu11;
				GCC_NO_COMMON_BLOCKS = YES;
				GCC_WARN_64_TO_32_BIT_CONVERSION = YES;
				GCC_WARN_ABOUT_RETURN_TYPE = YES_ERROR;
				GCC_WARN_UNDECLARED_SELECTOR = YES;
				GCC_WARN_UNINITIALIZED_AUTOS = YES_AGGRESSIVE;
				GCC_WARN_UNUSED_FUNCTION = YES;
				GCC_WARN_UNUSED_VARIABLE = YES;
				IPHONEOS_DEPLOYMENT_TARGET = 16.2;
				MTL_ENABLE_DEBUG_INFO = NO;
				MTL_FAST_MATH = YES;
				SDKROOT = iphoneos;
				SWIFT_COMPILATION_MODE = wholemodule;
				SWIFT_OPTIMIZATION_LEVEL = "-O";
				VALIDATE_PRODUCT = YES;
			};
			name = Release;
		};
		7ABA0F8229DD53F700E58FBA /* Debug */ = {
			isa = XCBuildConfiguration;
			buildSettings = {
				ASSETCATALOG_COMPILER_APPICON_NAME = AppIcon;
				ASSETCATALOG_COMPILER_GLOBAL_ACCENT_COLOR_NAME = AccentColor;
				CODE_SIGN_STYLE = Automatic;
				CURRENT_PROJECT_VERSION = 1;
				DEVELOPMENT_TEAM = 47KW45UAC4;
				GENERATE_INFOPLIST_FILE = YES;
				INFOPLIST_FILE = KitchenStories/Info.plist;
				INFOPLIST_KEY_UIApplicationSupportsIndirectInputEvents = YES;
				INFOPLIST_KEY_UILaunchStoryboardName = LaunchScreen;
				INFOPLIST_KEY_UIMainStoryboardFile = Main;
				INFOPLIST_KEY_UISupportedInterfaceOrientations_iPad = "UIInterfaceOrientationPortrait UIInterfaceOrientationPortraitUpsideDown UIInterfaceOrientationLandscapeLeft UIInterfaceOrientationLandscapeRight";
				INFOPLIST_KEY_UISupportedInterfaceOrientations_iPhone = "UIInterfaceOrientationPortrait UIInterfaceOrientationLandscapeLeft UIInterfaceOrientationLandscapeRight";
				LD_RUNPATH_SEARCH_PATHS = (
					"$(inherited)",
					"@executable_path/Frameworks",
				);
				MARKETING_VERSION = 1.0;
				PRODUCT_BUNDLE_IDENTIFIER = com.teguhwibowowijaya.KitchenStories;
				PRODUCT_NAME = "$(TARGET_NAME)";
				SWIFT_EMIT_LOC_STRINGS = YES;
				SWIFT_VERSION = 5.0;
				TARGETED_DEVICE_FAMILY = "1,2";
			};
			name = Debug;
		};
		7ABA0F8329DD53F700E58FBA /* Release */ = {
			isa = XCBuildConfiguration;
			buildSettings = {
				ASSETCATALOG_COMPILER_APPICON_NAME = AppIcon;
				ASSETCATALOG_COMPILER_GLOBAL_ACCENT_COLOR_NAME = AccentColor;
				CODE_SIGN_STYLE = Automatic;
				CURRENT_PROJECT_VERSION = 1;
				DEVELOPMENT_TEAM = 47KW45UAC4;
				GENERATE_INFOPLIST_FILE = YES;
				INFOPLIST_FILE = KitchenStories/Info.plist;
				INFOPLIST_KEY_UIApplicationSupportsIndirectInputEvents = YES;
				INFOPLIST_KEY_UILaunchStoryboardName = LaunchScreen;
				INFOPLIST_KEY_UIMainStoryboardFile = Main;
				INFOPLIST_KEY_UISupportedInterfaceOrientations_iPad = "UIInterfaceOrientationPortrait UIInterfaceOrientationPortraitUpsideDown UIInterfaceOrientationLandscapeLeft UIInterfaceOrientationLandscapeRight";
				INFOPLIST_KEY_UISupportedInterfaceOrientations_iPhone = "UIInterfaceOrientationPortrait UIInterfaceOrientationLandscapeLeft UIInterfaceOrientationLandscapeRight";
				LD_RUNPATH_SEARCH_PATHS = (
					"$(inherited)",
					"@executable_path/Frameworks",
				);
				MARKETING_VERSION = 1.0;
				PRODUCT_BUNDLE_IDENTIFIER = com.teguhwibowowijaya.KitchenStories;
				PRODUCT_NAME = "$(TARGET_NAME)";
				SWIFT_EMIT_LOC_STRINGS = YES;
				SWIFT_VERSION = 5.0;
				TARGETED_DEVICE_FAMILY = "1,2";
			};
			name = Release;
		};
/* End XCBuildConfiguration section */

/* Begin XCConfigurationList section */
		7ABA0F6529DD53F500E58FBA /* Build configuration list for PBXProject "KitchenStories" */ = {
			isa = XCConfigurationList;
			buildConfigurations = (
				7ABA0F7F29DD53F700E58FBA /* Debug */,
				7ABA0F8029DD53F700E58FBA /* Release */,
			);
			defaultConfigurationIsVisible = 0;
			defaultConfigurationName = Release;
		};
		7ABA0F8129DD53F700E58FBA /* Build configuration list for PBXNativeTarget "KitchenStories" */ = {
			isa = XCConfigurationList;
			buildConfigurations = (
				7ABA0F8229DD53F700E58FBA /* Debug */,
				7ABA0F8329DD53F700E58FBA /* Release */,
			);
			defaultConfigurationIsVisible = 0;
			defaultConfigurationName = Release;
		};
/* End XCConfigurationList section */

/* Begin XCRemoteSwiftPackageReference section */
		7ABA0FAC29DE8BF000E58FBA /* XCRemoteSwiftPackageReference "firebase-ios-sdk" */ = {
			isa = XCRemoteSwiftPackageReference;
			repositoryURL = "https://github.com/firebase/firebase-ios-sdk";
			requirement = {
				kind = upToNextMajorVersion;
				minimumVersion = 9.0.0;
			};
		};
		7ABA0FB329DE8C6600E58FBA /* XCRemoteSwiftPackageReference "SkeletonView" */ = {
			isa = XCRemoteSwiftPackageReference;
			repositoryURL = "https://github.com/Juanpe/SkeletonView";
			requirement = {
				branch = main;
				kind = branch;
			};
		};
/* End XCRemoteSwiftPackageReference section */

/* Begin XCSwiftPackageProductDependency section */
		7ABA0FAD29DE8BF000E58FBA /* FirebaseAuth */ = {
			isa = XCSwiftPackageProductDependency;
			package = 7ABA0FAC29DE8BF000E58FBA /* XCRemoteSwiftPackageReference "firebase-ios-sdk" */;
			productName = FirebaseAuth;
		};
		7ABA0FAF29DE8BF000E58FBA /* FirebaseDatabase */ = {
			isa = XCSwiftPackageProductDependency;
			package = 7ABA0FAC29DE8BF000E58FBA /* XCRemoteSwiftPackageReference "firebase-ios-sdk" */;
			productName = FirebaseDatabase;
		};
		7ABA0FB129DE8BF000E58FBA /* FirebaseFirestore */ = {
			isa = XCSwiftPackageProductDependency;
			package = 7ABA0FAC29DE8BF000E58FBA /* XCRemoteSwiftPackageReference "firebase-ios-sdk" */;
			productName = FirebaseFirestore;
		};
		7ABA0FB429DE8C6600E58FBA /* SkeletonView */ = {
			isa = XCSwiftPackageProductDependency;
			package = 7ABA0FB329DE8C6600E58FBA /* XCRemoteSwiftPackageReference "SkeletonView" */;
			productName = SkeletonView;
		};
/* End XCSwiftPackageProductDependency section */

/* Begin XCVersionGroup section */
		7ABA0F7629DD53F500E58FBA /* KitchenStories.xcdatamodeld */ = {
			isa = XCVersionGroup;
			children = (
				7ABA0F7729DD53F500E58FBA /* KitchenStories.xcdatamodel */,
			);
			currentVersion = 7ABA0F7729DD53F500E58FBA /* KitchenStories.xcdatamodel */;
			path = KitchenStories.xcdatamodeld;
			sourceTree = "<group>";
			versionGroupType = wrapper.xcdatamodel;
		};
/* End XCVersionGroup section */
	};
	rootObject = 7ABA0F6229DD53F500E58FBA /* Project object */;
}
